{
  "originHash" : "e97b531f7447f713c5dcc0e57463a0ef130f2ffae06ea2d8d17cb1178a0664b0",
  "pins" : [
    {
      "identity" : "appauth-ios",
      "kind" : "remoteSourceControl",
      "location" : "https://github.com/openid/AppAuth-iOS.git",
      "state" : {
        "revision" : "2781038865a80e2c425a1da12cc1327bcd56501f",
        "version" : "1.7.6"
      }
    }
  ],
  "version" : 3
}
